
Microsoft Visual Studio Solution File, Format Version 12.00
# Visual Studio Version 16
VisualStudioVersion = 16.0.29322.22
MinimumVisualStudioVersion = 15.0.26124.0
Project("{2150E333-8FDC-42A3-9474-1A3956D46DE8}") = "Solution Items", "Solution Items", "{1CE9670B-D5FF-46A7-9D00-24E70E6ED48B}"
	ProjectSection(SolutionItems) = preProject
		.editorconfig = .editorconfig
		Directory.Build.props = Directory.Build.props
		Directory.Build.targets = Directory.Build.targets
		global.json = global.json
		nuget.config = nuget.config
		README.md = README.md
		stylecop.json = stylecop.json
		version.json = version.json
	EndProjectSection
EndProject
Project("{2150E333-8FDC-42A3-9474-1A3956D46DE8}") = "src", "src", "{9E154A29-1796-4B85-BD81-B6A385D8FF71}"
	ProjectSection(SolutionItems) = preProject
		src\.editorconfig = src\.editorconfig
		src\Directory.Build.props = src\Directory.Build.props
		src\Directory.Build.targets = src\Directory.Build.targets
	EndProjectSection
EndProject
Project("{2150E333-8FDC-42A3-9474-1A3956D46DE8}") = "test", "test", "{36CCE840-6FE5-4DB9-A8D5-8CF3CB6D342A}"
	ProjectSection(SolutionItems) = preProject
		test\.editorconfig = test\.editorconfig
		test\Directory.Build.props = test\Directory.Build.props
		test\Directory.Build.targets = test\Directory.Build.targets
	EndProjectSection
EndProject
Project("{9A19103F-16F7-4668-BE54-9A1E7A4F7556}") = "Microsoft.Windows.CsWin32", "src\Microsoft.Windows.CsWin32\Microsoft.Windows.CsWin32.csproj", "{E3E96466-44B6-41AF-BBC8-9D30183ED8A9}"
EndProject
Project("{9A19103F-16F7-4668-BE54-9A1E7A4F7556}") = "Microsoft.Windows.CsWin32.Tests", "test\Microsoft.Windows.CsWin32.Tests\Microsoft.Windows.CsWin32.Tests.csproj", "{0129FE6E-3480-408A-BF40-9E6343CDB06C}"
EndProject
Project("{9A19103F-16F7-4668-BE54-9A1E7A4F7556}") = "Win32MetaGeneration", "src\Win32MetaGeneration\Win32MetaGeneration.csproj", "{6638957D-09ED-47C1-86B9-5D2DFD0FE625}"
EndProject
Project("{9A19103F-16F7-4668-BE54-9A1E7A4F7556}") = "GenerationSandbox.Tests", "test\GenerationSandbox.Tests\GenerationSandbox.Tests.csproj", "{7E8A5179-F94C-410F-8BBE-FDAAA95A19C3}"
EndProject
Project("{9A19103F-16F7-4668-BE54-9A1E7A4F7556}") = "SpellChecker", "test\SpellChecker\SpellChecker.csproj", "{744BE74F-8C4A-49E8-9683-52D987224285}"
EndProject
Project("{9A19103F-16F7-4668-BE54-9A1E7A4F7556}") = "WinRTInteropTest", "test\WinRTInteropTest\WinRTInteropTest.csproj", "{0E067B66-C2EC-4106-87D2-5310CFCDC5B8}"
EndProject
Global
	GlobalSection(SolutionConfigurationPlatforms) = preSolution
		Debug|Any CPU = Debug|Any CPU
		Debug|NonWindows = Debug|NonWindows
		Release|Any CPU = Release|Any CPU
		Release|NonWindows = Release|NonWindows
	EndGlobalSection
	GlobalSection(ProjectConfigurationPlatforms) = postSolution
		{E3E96466-44B6-41AF-BBC8-9D30183ED8A9}.Debug|Any CPU.ActiveCfg = Debug|Any CPU
		{E3E96466-44B6-41AF-BBC8-9D30183ED8A9}.Debug|Any CPU.Build.0 = Debug|Any CPU
		{E3E96466-44B6-41AF-BBC8-9D30183ED8A9}.Debug|NonWindows.ActiveCfg = Debug|Any CPU
		{E3E96466-44B6-41AF-BBC8-9D30183ED8A9}.Debug|NonWindows.Build.0 = Debug|Any CPU
		{E3E96466-44B6-41AF-BBC8-9D30183ED8A9}.Release|Any CPU.ActiveCfg = Release|Any CPU
		{E3E96466-44B6-41AF-BBC8-9D30183ED8A9}.Release|Any CPU.Build.0 = Release|Any CPU
		{E3E96466-44B6-41AF-BBC8-9D30183ED8A9}.Release|NonWindows.ActiveCfg = Release|Any CPU
		{E3E96466-44B6-41AF-BBC8-9D30183ED8A9}.Release|NonWindows.Build.0 = Release|Any CPU
		{0129FE6E-3480-408A-BF40-9E6343CDB06C}.Debug|Any CPU.ActiveCfg = Debug|Any CPU
		{0129FE6E-3480-408A-BF40-9E6343CDB06C}.Debug|Any CPU.Build.0 = Debug|Any CPU
		{0129FE6E-3480-408A-BF40-9E6343CDB06C}.Debug|NonWindows.ActiveCfg = Debug|Any CPU
		{0129FE6E-3480-408A-BF40-9E6343CDB06C}.Debug|NonWindows.Build.0 = Debug|Any CPU
		{0129FE6E-3480-408A-BF40-9E6343CDB06C}.Release|Any CPU.ActiveCfg = Release|Any CPU
		{0129FE6E-3480-408A-BF40-9E6343CDB06C}.Release|Any CPU.Build.0 = Release|Any CPU
		{0129FE6E-3480-408A-BF40-9E6343CDB06C}.Release|NonWindows.ActiveCfg = Release|Any CPU
		{0129FE6E-3480-408A-BF40-9E6343CDB06C}.Release|NonWindows.Build.0 = Release|Any CPU
		{6638957D-09ED-47C1-86B9-5D2DFD0FE625}.Debug|Any CPU.ActiveCfg = Debug|Any CPU
		{6638957D-09ED-47C1-86B9-5D2DFD0FE625}.Debug|Any CPU.Build.0 = Debug|Any CPU
		{6638957D-09ED-47C1-86B9-5D2DFD0FE625}.Debug|NonWindows.ActiveCfg = Debug|Any CPU
		{6638957D-09ED-47C1-86B9-5D2DFD0FE625}.Debug|NonWindows.Build.0 = Debug|Any CPU
		{6638957D-09ED-47C1-86B9-5D2DFD0FE625}.Release|Any CPU.ActiveCfg = Release|Any CPU
		{6638957D-09ED-47C1-86B9-5D2DFD0FE625}.Release|Any CPU.Build.0 = Release|Any CPU
		{6638957D-09ED-47C1-86B9-5D2DFD0FE625}.Release|NonWindows.ActiveCfg = Release|Any CPU
		{6638957D-09ED-47C1-86B9-5D2DFD0FE625}.Release|NonWindows.Build.0 = Release|Any CPU
		{7E8A5179-F94C-410F-8BBE-FDAAA95A19C3}.Debug|Any CPU.ActiveCfg = Debug|Any CPU
		{7E8A5179-F94C-410F-8BBE-FDAAA95A19C3}.Debug|Any CPU.Build.0 = Debug|Any CPU
		{7E8A5179-F94C-410F-8BBE-FDAAA95A19C3}.Debug|NonWindows.ActiveCfg = Debug|Any CPU
		{7E8A5179-F94C-410F-8BBE-FDAAA95A19C3}.Debug|NonWindows.Build.0 = Debug|Any CPU
		{7E8A5179-F94C-410F-8BBE-FDAAA95A19C3}.Release|Any CPU.ActiveCfg = Release|Any CPU
		{7E8A5179-F94C-410F-8BBE-FDAAA95A19C3}.Release|Any CPU.Build.0 = Release|Any CPU
		{7E8A5179-F94C-410F-8BBE-FDAAA95A19C3}.Release|NonWindows.ActiveCfg = Release|Any CPU
		{7E8A5179-F94C-410F-8BBE-FDAAA95A19C3}.Release|NonWindows.Build.0 = Release|Any CPU
		{744BE74F-8C4A-49E8-9683-52D987224285}.Debug|Any CPU.ActiveCfg = Debug|Any CPU
		{744BE74F-8C4A-49E8-9683-52D987224285}.Debug|Any CPU.Build.0 = Debug|Any CPU
		{744BE74F-8C4A-49E8-9683-52D987224285}.Debug|NonWindows.ActiveCfg = Debug|Any CPU
		{744BE74F-8C4A-49E8-9683-52D987224285}.Debug|NonWindows.Build.0 = Debug|Any CPU
		{744BE74F-8C4A-49E8-9683-52D987224285}.Release|Any CPU.ActiveCfg = Release|Any CPU
		{744BE74F-8C4A-49E8-9683-52D987224285}.Release|Any CPU.Build.0 = Release|Any CPU
		{744BE74F-8C4A-49E8-9683-52D987224285}.Release|NonWindows.ActiveCfg = Release|Any CPU
		{744BE74F-8C4A-49E8-9683-52D987224285}.Release|NonWindows.Build.0 = Release|Any CPU
		{0E067B66-C2EC-4106-87D2-5310CFCDC5B8}.Debug|Any CPU.ActiveCfg = Debug|Any CPU
		{0E067B66-C2EC-4106-87D2-5310CFCDC5B8}.Debug|Any CPU.Build.0 = Debug|Any CPU
		{0E067B66-C2EC-4106-87D2-5310CFCDC5B8}.Debug|NonWindows.ActiveCfg = Debug|Any CPU
		{0E067B66-C2EC-4106-87D2-5310CFCDC5B8}.Release|Any CPU.ActiveCfg = Release|Any CPU
		{0E067B66-C2EC-4106-87D2-5310CFCDC5B8}.Release|Any CPU.Build.0 = Release|Any CPU
		{0E067B66-C2EC-4106-87D2-5310CFCDC5B8}.Release|NonWindows.ActiveCfg = Release|Any CPU
	EndGlobalSection
	GlobalSection(SolutionProperties) = preSolution
		HideSolutionNode = FALSE
	EndGlobalSection
	GlobalSection(NestedProjects) = preSolution
		{E3E96466-44B6-41AF-BBC8-9D30183ED8A9} = {9E154A29-1796-4B85-BD81-B6A385D8FF71}
		{0129FE6E-3480-408A-BF40-9E6343CDB06C} = {36CCE840-6FE5-4DB9-A8D5-8CF3CB6D342A}
		{6638957D-09ED-47C1-86B9-5D2DFD0FE625} = {9E154A29-1796-4B85-BD81-B6A385D8FF71}
		{7E8A5179-F94C-410F-8BBE-FDAAA95A19C3} = {36CCE840-6FE5-4DB9-A8D5-8CF3CB6D342A}
		{744BE74F-8C4A-49E8-9683-52D987224285} = {36CCE840-6FE5-4DB9-A8D5-8CF3CB6D342A}
		{0E067B66-C2EC-4106-87D2-5310CFCDC5B8} = {36CCE840-6FE5-4DB9-A8D5-8CF3CB6D342A}
	EndGlobalSection
	GlobalSection(ExtensibilityGlobals) = postSolution
		SolutionGuid = {E3944F6A-384B-4B0F-B93F-3BD513DC57BD}
	EndGlobalSection
EndGlobal
